
Microsoft Visual Studio Solution File, Format Version 12.00
# Visual Studio Version 17
VisualStudioVersion = 17.1.32319.34
MinimumVisualStudioVersion = 10.0.40219.1
Project("{FAE04EC0-301F-11D3-BF4B-00C04F79EFBC}") = "AspNet5RazorExample", "AspNet5RazorExample\AspNet5RazorExample.csproj", "{30AFA8E1-F066-4F83-BF14-5B0BC4572C46}"
EndProject
Global
	GlobalSection(SolutionConfigurationPlatforms) = preSolution
		Debug|Any CPU = Debug|Any CPU
		Release|Any CPU = Release|Any CPU
	EndGlobalSection
	GlobalSection(ProjectConfigurationPlatforms) = postSolution
		{30AFA8E1-F066-4F83-BF14-5B0BC4572C46}.Debug|Any CPU.ActiveCfg = Debug|Any CPU
		{30AFA8E1-F066-4F83-BF14-5B0BC4572C46}.Debug|Any CPU.Build.0 = Debug|Any CPU
		{30AFA8E1-F066-4F83-BF14-5B0BC4572C46}.Release|Any CPU.ActiveCfg = Release|Any CPU
		{30AFA8E1-F066-4F83-BF14-5B0BC4572C46}.Release|Any CPU.Build.0 = Release|Any CPU
	EndGlobalSection
	GlobalSection(SolutionProperties) = preSolution
		HideSolutionNode = FALSE
	EndGlobalSection
	GlobalSection(ExtensibilityGlobals) = postSolution
		SolutionGuid = {B8D40EDD-7AB3-4A57-ABA9-3066F80BB870}
	EndGlobalSection
EndGlobal
